
Microsoft Visual Studio Solution File, Format Version 12.00
# Visual Studio Version 17
VisualStudioVersion = 17.3.32819.101
MinimumVisualStudioVersion = 10.0.40219.1
Project("{FAE04EC0-301F-11D3-BF4B-00C04F79EFBC}") = "GitDemonstration", "GitDemonstration.csproj", "{2EF78D44-06EB-4752-9149-0F30C6189A83}"
EndProject
Global
	GlobalSection(SolutionConfigurationPlatforms) = preSolution
		Debug|Any CPU = Debug|Any CPU
		Release|Any CPU = Release|Any CPU
	EndGlobalSection
	GlobalSection(ProjectConfigurationPlatforms) = postSolution
		{2EF78D44-06EB-4752-9149-0F30C6189A83}.Debug|Any CPU.ActiveCfg = Debug|Any CPU
		{2EF78D44-06EB-4752-9149-0F30C6189A83}.Debug|Any CPU.Build.0 = Debug|Any CPU
		{2EF78D44-06EB-4752-9149-0F30C6189A83}.Release|Any CPU.ActiveCfg = Release|Any CPU
		{2EF78D44-06EB-4752-9149-0F30C6189A83}.Release|Any CPU.Build.0 = Release|Any CPU
	EndGlobalSection
	GlobalSection(SolutionProperties) = preSolution
		HideSolutionNode = FALSE
	EndGlobalSection
	GlobalSection(ExtensibilityGlobals) = postSolution
		SolutionGuid = {93B9422A-7AEA-4FA2-BA8C-ED54CFB13863}
	EndGlobalSection
EndGlobal
